
Microsoft Visual Studio Solution File, Format Version 12.00
# Visual Studio Version 16
VisualStudioVersion = 16.0.29905.134
MinimumVisualStudioVersion = 10.0.40219.1
Project("{FAE04EC0-301F-11D3-BF4B-00C04F79EFBC}") = "CRM-PricingBooks", "CRM-PricingBooks\CRM-PricingBooks.csproj", "{5579A261-8946-446B-8E48-E3C4F0F0D1DE}"
EndProject
Global
	GlobalSection(SolutionConfigurationPlatforms) = preSolution
		Debug|Any CPU = Debug|Any CPU
		Release|Any CPU = Release|Any CPU
	EndGlobalSection
	GlobalSection(ProjectConfigurationPlatforms) = postSolution
		{5579A261-8946-446B-8E48-E3C4F0F0D1DE}.Debug|Any CPU.ActiveCfg = Debug|Any CPU
		{5579A261-8946-446B-8E48-E3C4F0F0D1DE}.Debug|Any CPU.Build.0 = Debug|Any CPU
		{5579A261-8946-446B-8E48-E3C4F0F0D1DE}.Release|Any CPU.ActiveCfg = Release|Any CPU
		{5579A261-8946-446B-8E48-E3C4F0F0D1DE}.Release|Any CPU.Build.0 = Release|Any CPU
	EndGlobalSection
	GlobalSection(SolutionProperties) = preSolution
		HideSolutionNode = FALSE
	EndGlobalSection
	GlobalSection(ExtensibilityGlobals) = postSolution
		SolutionGuid = {713B2638-9505-4A11-A831-D74159F59DB1}
	EndGlobalSection
EndGlobal
